{
	"name": "validator",
	"version": "0.1.0",
	"lockfileVersion": 2,
	"requires": true,
	"packages": {
		"": {
			"name": "validator",
			"version": "0.1.0",
			"license": "ISC",
			"dependencies": {
				"zod": "^3.15.1"
			},
			"devDependencies": {
				"typescript": "^4.6.3"
			}
		},
		"node_modules/typescript": {
			"version": "4.6.4",
			"resolved": "https://registry.npmjs.org/typescript/-/typescript-4.6.4.tgz",
			"integrity": "sha512-9ia/jWHIEbo49HfjrLGfKbZSuWo9iTMwXO+Ca3pRsSpbsMbc7/IU8NKdCZVRRBafVPGnoJeFL76ZOAA84I9fEg==",
			"dev": true,
			"bin": {
				"tsc": "bin/tsc",
				"tsserver": "bin/tsserver"
			},
			"engines": {
				"node": ">=4.2.0"
			}
		},
		"node_modules/zod": {
			"version": "3.15.1",
			"resolved": "https://registry.npmjs.org/zod/-/zod-3.15.1.tgz",
			"integrity": "sha512-WAdjcoOxa4S9oc/u7fTbC3CC7uVqptLLU0LKqS8RDBOrCXp2t5avM8BUfgNVZJymGWAx6SEUYxWPPoYuQ5rgwQ==",
			"funding": {
				"url": "https://github.com/sponsors/colinhacks"
			}
		}
	},
	"dependencies": {
		"typescript": {
			"version": "4.6.4",
			"resolved": "https://registry.npmjs.org/typescript/-/typescript-4.6.4.tgz",
			"integrity": "sha512-9ia/jWHIEbo49HfjrLGfKbZSuWo9iTMwXO+Ca3pRsSpbsMbc7/IU8NKdCZVRRBafVPGnoJeFL76ZOAA84I9fEg==",
			"dev": true
		},
		"zod": {
			"version": "3.15.1",
			"resolved": "https://registry.npmjs.org/zod/-/zod-3.15.1.tgz",
			"integrity": "sha512-WAdjcoOxa4S9oc/u7fTbC3CC7uVqptLLU0LKqS8RDBOrCXp2t5avM8BUfgNVZJymGWAx6SEUYxWPPoYuQ5rgwQ=="
		}
	}
}
